
Microsoft Visual Studio Solution File, Format Version 12.00
# Visual Studio Version 16
VisualStudioVersion = 16.0.30907.101
MinimumVisualStudioVersion = 10.0.40219.1
Project("{FAE04EC0-301F-11D3-BF4B-00C04F79EFBC}") = "ProgramLangEnvironment", "ProgramLangEnvironment\ProgramLangEnvironment.csproj", "{19056F6B-A860-4470-803C-0F59ACF32964}"
EndProject
Global
	GlobalSection(SolutionConfigurationPlatforms) = preSolution
		Debug|Any CPU = Debug|Any CPU
		Release|Any CPU = Release|Any CPU
	EndGlobalSection
	GlobalSection(ProjectConfigurationPlatforms) = postSolution
		{19056F6B-A860-4470-803C-0F59ACF32964}.Debug|Any CPU.ActiveCfg = Debug|Any CPU
		{19056F6B-A860-4470-803C-0F59ACF32964}.Debug|Any CPU.Build.0 = Debug|Any CPU
		{19056F6B-A860-4470-803C-0F59ACF32964}.Release|Any CPU.ActiveCfg = Release|Any CPU
		{19056F6B-A860-4470-803C-0F59ACF32964}.Release|Any CPU.Build.0 = Release|Any CPU
	EndGlobalSection
	GlobalSection(SolutionProperties) = preSolution
		HideSolutionNode = FALSE
	EndGlobalSection
	GlobalSection(ExtensibilityGlobals) = postSolution
		SolutionGuid = {BA726614-ABBD-4054-BF5D-8B817A3B701B}
	EndGlobalSection
EndGlobal
